<?xml version="1.0" encoding="utf-8"?>
<Project ToolsVersion="4.0" xmlns="http://schemas.microsoft.com/developer/msbuild/2003">
  <ItemGroup>
    <ClCompile Include="main.cpp" />
    <ClCompile Include="Entity.cpp">
      <Filter>Entities</Filter>
    </ClCompile>
    <ClCompile Include="MovingState.cpp">
      <Filter>Entities\States</Filter>
    </ClCompile>
    <ClCompile Include="StandingState.cpp">
      <Filter>Entities\States</Filter>
    </ClCompile>
    <ClCompile Include="NavGraph.cpp">
      <Filter>Level</Filter>
    </ClCompile>
    <ClCompile Include="Tile.cpp">
      <Filter>Level</Filter>
    </ClCompile>
    <ClCompile Include="MonsterAI.cpp">
      <Filter>Entities</Filter>
    </ClCompile>
    <ClCompile Include="Hero.cpp">
      <Filter>Entities</Filter>
    </ClCompile>
    <ClCompile Include="Inventory.cpp">
      <Filter>UI</Filter>
    </ClCompile>
    <ClCompile Include="UIFunctions.cpp">
      <Filter>UI</Filter>
    </ClCompile>
    <ClCompile Include="Game.cpp" />
    <ClCompile Include="Level.cpp">
      <Filter>Level</Filter>
    </ClCompile>
    <ClCompile Include="LevelLoader.cpp" />
    <ClCompile Include="ext\jsoncpp\jsoncpp.cpp">
      <Filter>Json</Filter>
    </ClCompile>
    <ClCompile Include="Terrain.cpp">
      <Filter>Level</Filter>
    </ClCompile>
    <ClCompile Include="Animation.cpp">
      <Filter>Animation</Filter>
    </ClCompile>
    <ClCompile Include="Item.cpp">
      <Filter>Item</Filter>
    </ClCompile>
  </ItemGroup>
  <ItemGroup>
    <ClInclude Include="InputHandler.h" />
    <ClInclude Include="Renderable.h" />
    <ClInclude Include="Entity.h">
      <Filter>Entities</Filter>
    </ClInclude>
    <ClInclude Include="Monster.h">
      <Filter>Entities</Filter>
    </ClInclude>
    <ClInclude Include="Hero.h">
      <Filter>Entities</Filter>
    </ClInclude>
    <ClInclude Include="MovingState.h">
      <Filter>Entities\States</Filter>
    </ClInclude>
    <ClInclude Include="StandingState.h">
      <Filter>Entities\States</Filter>
    </ClInclude>
    <ClInclude Include="EntityState.h">
      <Filter>Entities\States</Filter>
    </ClInclude>
    <ClInclude Include="Subject.h">
      <Filter>Observer</Filter>
    </ClInclude>
    <ClInclude Include="Event.h">
      <Filter>Observer</Filter>
    </ClInclude>
    <ClInclude Include="MonsterAI.h">
      <Filter>Entities</Filter>
    </ClInclude>
    <ClInclude Include="NavGraph.h">
      <Filter>Level</Filter>
    </ClInclude>
    <ClInclude Include="Terrain.h">
      <Filter>Level</Filter>
    </ClInclude>
    <ClInclude Include="Tile.h">
      <Filter>Level</Filter>
    </ClInclude>
    <ClInclude Include="UI.h">
      <Filter>UI</Filter>
    </ClInclude>
    <ClInclude Include="UIElement.h">
      <Filter>UI</Filter>
    </ClInclude>
    <ClInclude Include="AttackingState.h">
      <Filter>Entities\States</Filter>
    </ClInclude>
    <ClInclude Include="Attack.h">
      <Filter>Attack</Filter>
    </ClInclude>
    <ClInclude Include="Level.h">
      <Filter>Level</Filter>
    </ClInclude>
    <ClInclude Include="DeathState.h">
      <Filter>Entities\States</Filter>
    </ClInclude>
    <ClInclude Include="HeroDeath.h">
      <Filter>UI</Filter>
    </ClInclude>
    <ClInclude Include="Faction.h">
      <Filter>Entities</Filter>
    </ClInclude>
    <ClInclude Include="Missile.h">
      <Filter>Attack</Filter>
    </ClInclude>
    <ClInclude Include="Item.h">
      <Filter>Item</Filter>
    </ClInclude>
    <ClInclude Include="Inventory.h">
      <Filter>UI</Filter>
    </ClInclude>
    <ClInclude Include="EntityEvent.h">
      <Filter>Entities</Filter>
    </ClInclude>
    <ClInclude Include="Diablo.h">
      <Filter>Entities</Filter>
    </ClInclude>
    <ClInclude Include="UIButton.h">
      <Filter>UI</Filter>
    </ClInclude>
    <ClInclude Include="UIFunctions.h">
      <Filter>UI</Filter>
    </ClInclude>
    <ClInclude Include="Game.h" />
    <ClInclude Include="LevelLoader.h" />
    <ClInclude Include="Animation.h">
      <Filter>Animation</Filter>
    </ClInclude>
    <ClInclude Include="HUD.h">
      <Filter>UI</Filter>
    </ClInclude>
    <ClInclude Include="LevelEvent.h">
      <Filter>LevelEvents</Filter>
    </ClInclude>
    <ClInclude Include="LevelEventInterface.h">
      <Filter>LevelEvents</Filter>
    </ClInclude>
    <ClInclude Include="VictoryMessage.h">
      <Filter>UI</Filter>
    </ClInclude>
    <ClInclude Include="Observer.h">
      <Filter>Observer</Filter>
    </ClInclude>
    <ClInclude Include="TextureContainer.h">
      <Filter>Animation</Filter>
    </ClInclude>
  </ItemGroup>
  <ItemGroup>
    <Filter Include="Entities">
      <UniqueIdentifier>{e7d35f43-39ec-4f60-9eb7-06ac794d6489}</UniqueIdentifier>
    </Filter>
    <Filter Include="Entities\States">
      <UniqueIdentifier>{bbc13b69-972f-45ff-93f0-31e59fcc9531}</UniqueIdentifier>
    </Filter>
    <Filter Include="UI">
      <UniqueIdentifier>{f0b5b0c9-a694-444c-8b89-e86b4590af79}</UniqueIdentifier>
    </Filter>
    <Filter Include="Observer">
      <UniqueIdentifier>{9bd6132d-9fe0-4320-a20a-50241f9965d8}</UniqueIdentifier>
    </Filter>
    <Filter Include="Attack">
      <UniqueIdentifier>{8766dfd6-ac10-4688-b8d6-688145ad43fa}</UniqueIdentifier>
    </Filter>
    <Filter Include="Level">
      <UniqueIdentifier>{d3811913-6a1b-4070-b2c8-954df68883fe}</UniqueIdentifier>
    </Filter>
    <Filter Include="Item">
      <UniqueIdentifier>{8556cf8c-a9d5-4ad6-bd32-8dbde517de92}</UniqueIdentifier>
    </Filter>
    <Filter Include="Animation">
      <UniqueIdentifier>{727652ae-04e1-4a29-a2dd-86543586c302}</UniqueIdentifier>
    </Filter>
    <Filter Include="Json">
      <UniqueIdentifier>{9e9e77d8-5df2-4b87-a6ba-4385dd0df87f}</UniqueIdentifier>
    </Filter>
    <Filter Include="LevelEvents">
      <UniqueIdentifier>{b854bcc9-0e35-412a-b5e5-09ce72dce200}</UniqueIdentifier>
    </Filter>
  </ItemGroup>
</Project>